
Microsoft Visual Studio Solution File, Format Version 12.00
# Visual Studio Version 16
VisualStudioVersion = 16.0.31729.503
MinimumVisualStudioVersion = 10.0.40219.1
Project("{FAE04EC0-301F-11D3-BF4B-00C04F79EFBC}") = "WebApplicationTest", "WebApplicationTest.csproj", "{557BD17C-0CED-413F-BC54-3CE2A5C9B255}"
EndProject
Global
	GlobalSection(SolutionConfigurationPlatforms) = preSolution
		Debug|Any CPU = Debug|Any CPU
		Release|Any CPU = Release|Any CPU
	EndGlobalSection
	GlobalSection(ProjectConfigurationPlatforms) = postSolution
		{557BD17C-0CED-413F-BC54-3CE2A5C9B255}.Debug|Any CPU.ActiveCfg = Debug|Any CPU
		{557BD17C-0CED-413F-BC54-3CE2A5C9B255}.Debug|Any CPU.Build.0 = Debug|Any CPU
		{557BD17C-0CED-413F-BC54-3CE2A5C9B255}.Release|Any CPU.ActiveCfg = Release|Any CPU
		{557BD17C-0CED-413F-BC54-3CE2A5C9B255}.Release|Any CPU.Build.0 = Release|Any CPU
	EndGlobalSection
	GlobalSection(SolutionProperties) = preSolution
		HideSolutionNode = FALSE
	EndGlobalSection
	GlobalSection(ExtensibilityGlobals) = postSolution
		SolutionGuid = {45BC254E-C5FD-4F79-957A-4A08FA597C7B}
	EndGlobalSection
EndGlobal
